
Microsoft Visual Studio Solution File, Format Version 12.00
# Visual Studio Version 16
VisualStudioVersion = 16.0.30804.86
MinimumVisualStudioVersion = 10.0.40219.1
Project("{9A19103F-16F7-4668-BE54-9A1E7A4F7556}") = "DddDotNet.Domain", "DddDotNet.Domain\DddDotNet.Domain.csproj", "{8CAE5F89-F47A-4457-A9CC-EDFD542EFB8C}"
EndProject
Project("{9A19103F-16F7-4668-BE54-9A1E7A4F7556}") = "DddDotNet.CrossCuttingConcerns", "DddDotNet.CrossCuttingConcerns\DddDotNet.CrossCuttingConcerns.csproj", "{486DB0B1-0612-4CEF-934C-153ABF5075BC}"
EndProject
Project("{9A19103F-16F7-4668-BE54-9A1E7A4F7556}") = "DddDotNet.Application", "DddDotNet.Application\DddDotNet.Application.csproj", "{A792205A-70B4-4927-9E08-731B41F5E96B}"
EndProject
Project("{9A19103F-16F7-4668-BE54-9A1E7A4F7556}") = "DddDotNet.Infrastructure", "DddDotNet.Infrastructure\DddDotNet.Infrastructure.csproj", "{8437DABA-DFF2-4157-93D7-C2F31286780B}"
EndProject
Project("{FAE04EC0-301F-11D3-BF4B-00C04F79EFBC}") = "DddDotNet.IntegrationTests", "DddDotNet.IntegrationTests\DddDotNet.IntegrationTests.csproj", "{6C5A090A-B1B5-4168-B7AA-4D0ED605945F}"
EndProject
Global
	GlobalSection(SolutionConfigurationPlatforms) = preSolution
		Debug|Any CPU = Debug|Any CPU
		Release|Any CPU = Release|Any CPU
	EndGlobalSection
	GlobalSection(ProjectConfigurationPlatforms) = postSolution
		{8CAE5F89-F47A-4457-A9CC-EDFD542EFB8C}.Debug|Any CPU.ActiveCfg = Debug|Any CPU
		{8CAE5F89-F47A-4457-A9CC-EDFD542EFB8C}.Debug|Any CPU.Build.0 = Debug|Any CPU
		{8CAE5F89-F47A-4457-A9CC-EDFD542EFB8C}.Release|Any CPU.ActiveCfg = Release|Any CPU
		{8CAE5F89-F47A-4457-A9CC-EDFD542EFB8C}.Release|Any CPU.Build.0 = Release|Any CPU
		{486DB0B1-0612-4CEF-934C-153ABF5075BC}.Debug|Any CPU.ActiveCfg = Debug|Any CPU
		{486DB0B1-0612-4CEF-934C-153ABF5075BC}.Debug|Any CPU.Build.0 = Debug|Any CPU
		{486DB0B1-0612-4CEF-934C-153ABF5075BC}.Release|Any CPU.ActiveCfg = Release|Any CPU
		{486DB0B1-0612-4CEF-934C-153ABF5075BC}.Release|Any CPU.Build.0 = Release|Any CPU
		{A792205A-70B4-4927-9E08-731B41F5E96B}.Debug|Any CPU.ActiveCfg = Debug|Any CPU
		{A792205A-70B4-4927-9E08-731B41F5E96B}.Debug|Any CPU.Build.0 = Debug|Any CPU
		{A792205A-70B4-4927-9E08-731B41F5E96B}.Release|Any CPU.ActiveCfg = Release|Any CPU
		{A792205A-70B4-4927-9E08-731B41F5E96B}.Release|Any CPU.Build.0 = Release|Any CPU
		{8437DABA-DFF2-4157-93D7-C2F31286780B}.Debug|Any CPU.ActiveCfg = Debug|Any CPU
		{8437DABA-DFF2-4157-93D7-C2F31286780B}.Debug|Any CPU.Build.0 = Debug|Any CPU
		{8437DABA-DFF2-4157-93D7-C2F31286780B}.Release|Any CPU.ActiveCfg = Release|Any CPU
		{8437DABA-DFF2-4157-93D7-C2F31286780B}.Release|Any CPU.Build.0 = Release|Any CPU
		{6C5A090A-B1B5-4168-B7AA-4D0ED605945F}.Debug|Any CPU.ActiveCfg = Debug|Any CPU
		{6C5A090A-B1B5-4168-B7AA-4D0ED605945F}.Debug|Any CPU.Build.0 = Debug|Any CPU
		{6C5A090A-B1B5-4168-B7AA-4D0ED605945F}.Release|Any CPU.ActiveCfg = Release|Any CPU
		{6C5A090A-B1B5-4168-B7AA-4D0ED605945F}.Release|Any CPU.Build.0 = Release|Any CPU
	EndGlobalSection
	GlobalSection(SolutionProperties) = preSolution
		HideSolutionNode = FALSE
	EndGlobalSection
	GlobalSection(ExtensibilityGlobals) = postSolution
		SolutionGuid = {0C29D4B4-D6A6-4122-A5E2-58583AC07FCA}
	EndGlobalSection
EndGlobal
