
Microsoft Visual Studio Solution File, Format Version 12.00
# Visual Studio Version 17
VisualStudioVersion = 17.6.33829.357
MinimumVisualStudioVersion = 10.0.40219.1
Project("{9A19103F-16F7-4668-BE54-9A1E7A4F7556}") = "DddDotNet.Domain", "DddDotNet.Domain\DddDotNet.Domain.csproj", "{8CAE5F89-F47A-4457-A9CC-EDFD542EFB8C}"
EndProject
Project("{9A19103F-16F7-4668-BE54-9A1E7A4F7556}") = "DddDotNet.CrossCuttingConcerns", "DddDotNet.CrossCuttingConcerns\DddDotNet.CrossCuttingConcerns.csproj", "{486DB0B1-0612-4CEF-934C-153ABF5075BC}"
EndProject
Project("{9A19103F-16F7-4668-BE54-9A1E7A4F7556}") = "DddDotNet.Application", "DddDotNet.Application\DddDotNet.Application.csproj", "{A792205A-70B4-4927-9E08-731B41F5E96B}"
EndProject
Project("{9A19103F-16F7-4668-BE54-9A1E7A4F7556}") = "DddDotNet.Infrastructure", "DddDotNet.Infrastructure\DddDotNet.Infrastructure.csproj", "{8437DABA-DFF2-4157-93D7-C2F31286780B}"
EndProject
Project("{9A19103F-16F7-4668-BE54-9A1E7A4F7556}") = "DddDotNet.IntegrationTests", "DddDotNet.IntegrationTests\DddDotNet.IntegrationTests.csproj", "{6C5A090A-B1B5-4168-B7AA-4D0ED605945F}"
EndProject
Project("{9A19103F-16F7-4668-BE54-9A1E7A4F7556}") = "DddDotNet.MessageReceivers", "DddDotNet.MessageReceivers\DddDotNet.MessageReceivers.csproj", "{E383AAF3-7785-4236-9B3E-13136B87622E}"
EndProject
Project("{2150E333-8FDC-42A3-9474-1A3956D46DE8}") = "Core", "Core", "{E037DDF5-C2BE-4D64-9ADB-44285E3DA88C}"
EndProject
Project("{2150E333-8FDC-42A3-9474-1A3956D46DE8}") = "CrossCuttingConcerns", "CrossCuttingConcerns", "{A04DB17A-3E15-461A-BB4E-05E0333BA643}"
EndProject
Project("{2150E333-8FDC-42A3-9474-1A3956D46DE8}") = "Infrastructure", "Infrastructure", "{EB0329F4-1A0F-4126-B1E1-DD0A8A04113D}"
EndProject
Project("{2150E333-8FDC-42A3-9474-1A3956D46DE8}") = "Tests", "Tests", "{3A3479D3-6A45-4C7E-9A6B-0354F4FC35B5}"
EndProject
Global
	GlobalSection(SolutionConfigurationPlatforms) = preSolution
		Debug|Any CPU = Debug|Any CPU
		Release|Any CPU = Release|Any CPU
	EndGlobalSection
	GlobalSection(ProjectConfigurationPlatforms) = postSolution
		{8CAE5F89-F47A-4457-A9CC-EDFD542EFB8C}.Debug|Any CPU.ActiveCfg = Debug|Any CPU
		{8CAE5F89-F47A-4457-A9CC-EDFD542EFB8C}.Debug|Any CPU.Build.0 = Debug|Any CPU
		{8CAE5F89-F47A-4457-A9CC-EDFD542EFB8C}.Release|Any CPU.ActiveCfg = Release|Any CPU
		{8CAE5F89-F47A-4457-A9CC-EDFD542EFB8C}.Release|Any CPU.Build.0 = Release|Any CPU
		{486DB0B1-0612-4CEF-934C-153ABF5075BC}.Debug|Any CPU.ActiveCfg = Debug|Any CPU
		{486DB0B1-0612-4CEF-934C-153ABF5075BC}.Debug|Any CPU.Build.0 = Debug|Any CPU
		{486DB0B1-0612-4CEF-934C-153ABF5075BC}.Release|Any CPU.ActiveCfg = Release|Any CPU
		{486DB0B1-0612-4CEF-934C-153ABF5075BC}.Release|Any CPU.Build.0 = Release|Any CPU
		{A792205A-70B4-4927-9E08-731B41F5E96B}.Debug|Any CPU.ActiveCfg = Debug|Any CPU
		{A792205A-70B4-4927-9E08-731B41F5E96B}.Debug|Any CPU.Build.0 = Debug|Any CPU
		{A792205A-70B4-4927-9E08-731B41F5E96B}.Release|Any CPU.ActiveCfg = Release|Any CPU
		{A792205A-70B4-4927-9E08-731B41F5E96B}.Release|Any CPU.Build.0 = Release|Any CPU
		{8437DABA-DFF2-4157-93D7-C2F31286780B}.Debug|Any CPU.ActiveCfg = Debug|Any CPU
		{8437DABA-DFF2-4157-93D7-C2F31286780B}.Debug|Any CPU.Build.0 = Debug|Any CPU
		{8437DABA-DFF2-4157-93D7-C2F31286780B}.Release|Any CPU.ActiveCfg = Release|Any CPU
		{8437DABA-DFF2-4157-93D7-C2F31286780B}.Release|Any CPU.Build.0 = Release|Any CPU
		{6C5A090A-B1B5-4168-B7AA-4D0ED605945F}.Debug|Any CPU.ActiveCfg = Debug|Any CPU
		{6C5A090A-B1B5-4168-B7AA-4D0ED605945F}.Debug|Any CPU.Build.0 = Debug|Any CPU
		{6C5A090A-B1B5-4168-B7AA-4D0ED605945F}.Release|Any CPU.ActiveCfg = Release|Any CPU
		{6C5A090A-B1B5-4168-B7AA-4D0ED605945F}.Release|Any CPU.Build.0 = Release|Any CPU
		{E383AAF3-7785-4236-9B3E-13136B87622E}.Debug|Any CPU.ActiveCfg = Debug|Any CPU
		{E383AAF3-7785-4236-9B3E-13136B87622E}.Debug|Any CPU.Build.0 = Debug|Any CPU
		{E383AAF3-7785-4236-9B3E-13136B87622E}.Release|Any CPU.ActiveCfg = Release|Any CPU
		{E383AAF3-7785-4236-9B3E-13136B87622E}.Release|Any CPU.Build.0 = Release|Any CPU
	EndGlobalSection
	GlobalSection(SolutionProperties) = preSolution
		HideSolutionNode = FALSE
	EndGlobalSection
	GlobalSection(NestedProjects) = preSolution
		{8CAE5F89-F47A-4457-A9CC-EDFD542EFB8C} = {E037DDF5-C2BE-4D64-9ADB-44285E3DA88C}
		{486DB0B1-0612-4CEF-934C-153ABF5075BC} = {A04DB17A-3E15-461A-BB4E-05E0333BA643}
		{A792205A-70B4-4927-9E08-731B41F5E96B} = {E037DDF5-C2BE-4D64-9ADB-44285E3DA88C}
		{8437DABA-DFF2-4157-93D7-C2F31286780B} = {EB0329F4-1A0F-4126-B1E1-DD0A8A04113D}
		{6C5A090A-B1B5-4168-B7AA-4D0ED605945F} = {3A3479D3-6A45-4C7E-9A6B-0354F4FC35B5}
		{E383AAF3-7785-4236-9B3E-13136B87622E} = {3A3479D3-6A45-4C7E-9A6B-0354F4FC35B5}
	EndGlobalSection
	GlobalSection(ExtensibilityGlobals) = postSolution
		SolutionGuid = {0C29D4B4-D6A6-4122-A5E2-58583AC07FCA}
	EndGlobalSection
EndGlobal
